// !$*UTF8*$!
{
	archiveVersion = 1;
	classes = {
	};
	objectVersion = 46;
	objects = {

/* Begin PBXBuildFile section */
		F8213C651C83D695007F0818 /* main.m in Sources */ = {isa = PBXBuildFile; fileRef = F8213C641C83D695007F0818 /* main.m */; };
		F8213C681C83D695007F0818 /* AppDelegate.m in Sources */ = {isa = PBXBuildFile; fileRef = F8213C671C83D695007F0818 /* AppDelegate.m */; };
		F8213C6B1C83D695007F0818 /* ViewController.m in Sources */ = {isa = PBXBuildFile; fileRef = F8213C6A1C83D695007F0818 /* ViewController.m */; };
		F8213C6E1C83D695007F0818 /* Main.storyboard in Resources */ = {isa = PBXBuildFile; fileRef = F8213C6C1C83D695007F0818 /* Main.storyboard */; };
		F8213C701C83D695007F0818 /* Assets.xcassets in Resources */ = {isa = PBXBuildFile; fileRef = F8213C6F1C83D695007F0818 /* Assets.xcassets */; };
		F8213C731C83D695007F0818 /* LaunchScreen.storyboard in Resources */ = {isa = PBXBuildFile; fileRef = F8213C711C83D695007F0818 /* LaunchScreen.storyboard */; };
		F8213CBD1C83DBF3007F0818 /* NotificationCenter.framework in Frameworks */ = {isa = PBXBuildFile; fileRef = F8213C801C83D6F1007F0818 /* NotificationCenter.framework */; };
		F8213CC11C83DBF3007F0818 /* TodayViewController.m in Sources */ = {isa = PBXBuildFile; fileRef = F8213CC01C83DBF3007F0818 /* TodayViewController.m */; };
		F8213CC41C83DBF3007F0818 /* MainInterface.storyboard in Resources */ = {isa = PBXBuildFile; fileRef = F8213CC21C83DBF3007F0818 /* MainInterface.storyboard */; };
		F8213CC81C83DBF3007F0818 /* Whde.appex in Embed App Extensions */ = {isa = PBXBuildFile; fileRef = F8213CBC1C83DBF3007F0818 /* Whde.appex */; settings = {ATTRIBUTES = (RemoveHeadersOnCopy, ); }; };
		F8213CE01C8436DA007F0818 /* 0@2x.png in Resources */ = {isa = PBXBuildFile; fileRef = F8213CDA1C8436DA007F0818 /* 0@2x.png */; };
		F8213CE11C8436DA007F0818 /* 1@2x.png in Resources */ = {isa = PBXBuildFile; fileRef = F8213CDB1C8436DA007F0818 /* 1@2x.png */; };
		F8213CE21C8436DA007F0818 /* 2@2x.png in Resources */ = {isa = PBXBuildFile; fileRef = F8213CDC1C8436DA007F0818 /* 2@2x.png */; };
		F8213CE31C8436DA007F0818 /* 3@2x.png in Resources */ = {isa = PBXBuildFile; fileRef = F8213CDD1C8436DA007F0818 /* 3@2x.png */; };
		F8213CE41C8436DA007F0818 /* 4@2x.png in Resources */ = {isa = PBXBuildFile; fileRef = F8213CDE1C8436DA007F0818 /* 4@2x.png */; };
		F8213CE51C8436DA007F0818 /* 5@2x.png in Resources */ = {isa = PBXBuildFile; fileRef = F8213CDF1C8436DA007F0818 /* 5@2x.png */; };
		F8213CF21C845199007F0818 /* CUIButtonTitleImage.m in Sources */ = {isa = PBXBuildFile; fileRef = F8213CF11C845199007F0818 /* CUIButtonTitleImage.m */; };
/* End PBXBuildFile section */

/* Begin PBXContainerItemProxy section */
		F8213CC61C83DBF3007F0818 /* PBXContainerItemProxy */ = {
			isa = PBXContainerItemProxy;
			containerPortal = F8213C581C83D695007F0818 /* Project object */;
			proxyType = 1;
			remoteGlobalIDString = F8213CBB1C83DBF3007F0818;
			remoteInfo = Whde;
		};
/* End PBXContainerItemProxy section */

/* Begin PBXCopyFilesBuildPhase section */
		F8213C901C83D6F1007F0818 /* Embed App Extensions */ = {
			isa = PBXCopyFilesBuildPhase;
			buildActionMask = 2147483647;
			dstPath = "";
			dstSubfolderSpec = 13;
			files = (
				F8213CC81C83DBF3007F0818 /* Whde.appex in Embed App Extensions */,
			);
			name = "Embed App Extensions";
			runOnlyForDeploymentPostprocessing = 0;
		};
/* End PBXCopyFilesBuildPhase section */

/* Begin PBXFileReference section */
		F8213C601C83D695007F0818 /* Extension.app */ = {isa = PBXFileReference; explicitFileType = wrapper.application; includeInIndex = 0; path = Extension.app; sourceTree = BUILT_PRODUCTS_DIR; };
		F8213C641C83D695007F0818 /* main.m */ = {isa = PBXFileReference; lastKnownFileType = sourcecode.c.objc; path = main.m; sourceTree = "<group>"; };
		F8213C661C83D695007F0818 /* AppDelegate.h */ = {isa = PBXFileReference; lastKnownFileType = sourcecode.c.h; path = AppDelegate.h; sourceTree = "<group>"; };
		F8213C671C83D695007F0818 /* AppDelegate.m */ = {isa = PBXFileReference; lastKnownFileType = sourcecode.c.objc; path = AppDelegate.m; sourceTree = "<group>"; };
		F8213C691C83D695007F0818 /* ViewController.h */ = {isa = PBXFileReference; lastKnownFileType = sourcecode.c.h; path = ViewController.h; sourceTree = "<group>"; };
		F8213C6A1C83D695007F0818 /* ViewController.m */ = {isa = PBXFileReference; lastKnownFileType = sourcecode.c.objc; path = ViewController.m; sourceTree = "<group>"; };
		F8213C6D1C83D695007F0818 /* Base */ = {isa = PBXFileReference; lastKnownFileType = file.storyboard; name = Base; path = Base.lproj/Main.storyboard; sourceTree = "<group>"; };
		F8213C6F1C83D695007F0818 /* Assets.xcassets */ = {isa = PBXFileReference; lastKnownFileType = folder.assetcatalog; path = Assets.xcassets; sourceTree = "<group>"; };
		F8213C721C83D695007F0818 /* Base */ = {isa = PBXFileReference; lastKnownFileType = file.storyboard; name = Base; path = Base.lproj/LaunchScreen.storyboard; sourceTree = "<group>"; };
		F8213C741C83D695007F0818 /* Info.plist */ = {isa = PBXFileReference; lastKnownFileType = text.plist.xml; path = Info.plist; sourceTree = "<group>"; };
		F8213C801C83D6F1007F0818 /* NotificationCenter.framework */ = {isa = PBXFileReference; lastKnownFileType = wrapper.framework; name = NotificationCenter.framework; path = System/Library/Frameworks/NotificationCenter.framework; sourceTree = SDKROOT; };
		F8213CBC1C83DBF3007F0818 /* Whde.appex */ = {isa = PBXFileReference; explicitFileType = "wrapper.app-extension"; includeInIndex = 0; path = Whde.appex; sourceTree = BUILT_PRODUCTS_DIR; };
		F8213CBF1C83DBF3007F0818 /* TodayViewController.h */ = {isa = PBXFileReference; lastKnownFileType = sourcecode.c.h; path = TodayViewController.h; sourceTree = "<group>"; };
		F8213CC01C83DBF3007F0818 /* TodayViewController.m */ = {isa = PBXFileReference; lastKnownFileType = sourcecode.c.objc; path = TodayViewController.m; sourceTree = "<group>"; };
		F8213CC31C83DBF3007F0818 /* Base */ = {isa = PBXFileReference; lastKnownFileType = file.storyboard; name = Base; path = Base.lproj/MainInterface.storyboard; sourceTree = "<group>"; };
		F8213CC51C83DBF3007F0818 /* Info.plist */ = {isa = PBXFileReference; lastKnownFileType = text.plist.xml; path = Info.plist; sourceTree = "<group>"; };
		F8213CDA1C8436DA007F0818 /* 0@2x.png */ = {isa = PBXFileReference; lastKnownFileType = image.png; path = "0@2x.png"; sourceTree = "<group>"; };
		F8213CDB1C8436DA007F0818 /* 1@2x.png */ = {isa = PBXFileReference; lastKnownFileType = image.png; path = "1@2x.png"; sourceTree = "<group>"; };
		F8213CDC1C8436DA007F0818 /* 2@2x.png */ = {isa = PBXFileReference; lastKnownFileType = image.png; path = "2@2x.png"; sourceTree = "<group>"; };
		F8213CDD1C8436DA007F0818 /* 3@2x.png */ = {isa = PBXFileReference; lastKnownFileType = image.png; path = "3@2x.png"; sourceTree = "<group>"; };
		F8213CDE1C8436DA007F0818 /* 4@2x.png */ = {isa = PBXFileReference; lastKnownFileType = image.png; path = "4@2x.png"; sourceTree = "<group>"; };
		F8213CDF1C8436DA007F0818 /* 5@2x.png */ = {isa = PBXFileReference; lastKnownFileType = image.png; path = "5@2x.png"; sourceTree = "<group>"; };
		F8213CF01C845199007F0818 /* CUIButtonTitleImage.h */ = {isa = PBXFileReference; fileEncoding = 4; lastKnownFileType = sourcecode.c.h; path = CUIButtonTitleImage.h; sourceTree = "<group>"; };
		F8213CF11C845199007F0818 /* CUIButtonTitleImage.m */ = {isa = PBXFileReference; fileEncoding = 4; lastKnownFileType = sourcecode.c.objc; path = CUIButtonTitleImage.m; sourceTree = "<group>"; };
/* End PBXFileReference section */

/* Begin PBXFrameworksBuildPhase section */
		F8213C5D1C83D695007F0818 /* Frameworks */ = {
			isa = PBXFrameworksBuildPhase;
			buildActionMask = 2147483647;
			files = (
			);
			runOnlyForDeploymentPostprocessing = 0;
		};
		F8213CB91C83DBF3007F0818 /* Frameworks */ = {
			isa = PBXFrameworksBuildPhase;
			buildActionMask = 2147483647;
			files = (
				F8213CBD1C83DBF3007F0818 /* NotificationCenter.framework in Frameworks */,
			);
			runOnlyForDeploymentPostprocessing = 0;
		};
/* End PBXFrameworksBuildPhase section */

/* Begin PBXGroup section */
		F8213C571C83D695007F0818 = {
			isa = PBXGroup;
			children = (
				F8213C621C83D695007F0818 /* Extension */,
				F8213CBE1C83DBF3007F0818 /* Whde */,
				F8213C7F1C83D6F1007F0818 /* Frameworks */,
				F8213C611C83D695007F0818 /* Products */,
			);
			sourceTree = "<group>";
		};
		F8213C611C83D695007F0818 /* Products */ = {
			isa = PBXGroup;
			children = (
				F8213C601C83D695007F0818 /* Extension.app */,
				F8213CBC1C83DBF3007F0818 /* Whde.appex */,
			);
			name = Products;
			sourceTree = "<group>";
		};
		F8213C621C83D695007F0818 /* Extension */ = {
			isa = PBXGroup;
			children = (
				F8213C661C83D695007F0818 /* AppDelegate.h */,
				F8213C671C83D695007F0818 /* AppDelegate.m */,
				F8213C691C83D695007F0818 /* ViewController.h */,
				F8213C6A1C83D695007F0818 /* ViewController.m */,
				F8213C6C1C83D695007F0818 /* Main.storyboard */,
				F8213C6F1C83D695007F0818 /* Assets.xcassets */,
				F8213C711C83D695007F0818 /* LaunchScreen.storyboard */,
				F8213C741C83D695007F0818 /* Info.plist */,
				F8213C631C83D695007F0818 /* Supporting Files */,
			);
			path = Extension;
			sourceTree = "<group>";
		};
		F8213C631C83D695007F0818 /* Supporting Files */ = {
			isa = PBXGroup;
			children = (
				F8213C641C83D695007F0818 /* main.m */,
			);
			name = "Supporting Files";
			sourceTree = "<group>";
		};
		F8213C7F1C83D6F1007F0818 /* Frameworks */ = {
			isa = PBXGroup;
			children = (
				F8213C801C83D6F1007F0818 /* NotificationCenter.framework */,
			);
			name = Frameworks;
			sourceTree = "<group>";
		};
		F8213CBE1C83DBF3007F0818 /* Whde */ = {
			isa = PBXGroup;
			children = (
				F8213CDA1C8436DA007F0818 /* 0@2x.png */,
				F8213CDB1C8436DA007F0818 /* 1@2x.png */,
				F8213CDC1C8436DA007F0818 /* 2@2x.png */,
				F8213CDD1C8436DA007F0818 /* 3@2x.png */,
				F8213CDE1C8436DA007F0818 /* 4@2x.png */,
				F8213CDF1C8436DA007F0818 /* 5@2x.png */,
				F8213CBF1C83DBF3007F0818 /* TodayViewController.h */,
				F8213CC01C83DBF3007F0818 /* TodayViewController.m */,
				F8213CF01C845199007F0818 /* CUIButtonTitleImage.h */,
				F8213CF11C845199007F0818 /* CUIButtonTitleImage.m */,
				F8213CC21C83DBF3007F0818 /* MainInterface.storyboard */,
				F8213CC51C83DBF3007F0818 /* Info.plist */,
			);
			path = Whde;
			sourceTree = "<group>";
		};
/* End PBXGroup section */

/* Begin PBXNativeTarget section */
		F8213C5F1C83D695007F0818 /* Extension */ = {
			isa = PBXNativeTarget;
			buildConfigurationList = F8213C771C83D695007F0818 /* Build configuration list for PBXNativeTarget "Extension" */;
			buildPhases = (
				F8213C5C1C83D695007F0818 /* Sources */,
				F8213C5D1C83D695007F0818 /* Frameworks */,
				F8213C5E1C83D695007F0818 /* Resources */,
				F8213C901C83D6F1007F0818 /* Embed App Extensions */,
			);
			buildRules = (
			);
			dependencies = (
				F8213CC71C83DBF3007F0818 /* PBXTargetDependency */,
			);
			name = Extension;
			productName = Extension;
			productReference = F8213C601C83D695007F0818 /* Extension.app */;
			productType = "com.apple.product-type.application";
		};
		F8213CBB1C83DBF3007F0818 /* Whde */ = {
			isa = PBXNativeTarget;
			buildConfigurationList = F8213CC91C83DBF3007F0818 /* Build configuration list for PBXNativeTarget "Whde" */;
			buildPhases = (
				F8213CB81C83DBF3007F0818 /* Sources */,
				F8213CB91C83DBF3007F0818 /* Frameworks */,
				F8213CBA1C83DBF3007F0818 /* Resources */,
			);
			buildRules = (
			);
			dependencies = (
			);
			name = Whde;
			productName = Whde;
			productReference = F8213CBC1C83DBF3007F0818 /* Whde.appex */;
			productType = "com.apple.product-type.app-extension";
		};
/* End PBXNativeTarget section */

/* Begin PBXProject section */
		F8213C581C83D695007F0818 /* Project object */ = {
			isa = PBXProject;
			attributes = {
				LastUpgradeCheck = 0720;
				ORGANIZATIONNAME = Whde;
				TargetAttributes = {
					F8213C5F1C83D695007F0818 = {
						CreatedOnToolsVersion = 7.2.1;
					};
					F8213CBB1C83DBF3007F0818 = {
						CreatedOnToolsVersion = 7.2.1;
					};
				};
			};
			buildConfigurationList = F8213C5B1C83D695007F0818 /* Build configuration list for PBXProject "Extension" */;
			compatibilityVersion = "Xcode 3.2";
			developmentRegion = English;
			hasScannedForEncodings = 0;
			knownRegions = (
				en,
				Base,
			);
			mainGroup = F8213C571C83D695007F0818;
			productRefGroup = F8213C611C83D695007F0818 /* Products */;
			projectDirPath = "";
			projectRoot = "";
			targets = (
				F8213C5F1C83D695007F0818 /* Extension */,
				F8213CBB1C83DBF3007F0818 /* Whde */,
			);
		};
/* End PBXProject section */

/* Begin PBXResourcesBuildPhase section */
		F8213C5E1C83D695007F0818 /* Resources */ = {
			isa = PBXResourcesBuildPhase;
			buildActionMask = 2147483647;
			files = (
				F8213C731C83D695007F0818 /* LaunchScreen.storyboard in Resources */,
				F8213C701C83D695007F0818 /* Assets.xcassets in Resources */,
				F8213C6E1C83D695007F0818 /* Main.storyboard in Resources */,
			);
			runOnlyForDeploymentPostprocessing = 0;
		};
		F8213CBA1C83DBF3007F0818 /* Resources */ = {
			isa = PBXResourcesBuildPhase;
			buildActionMask = 2147483647;
			files = (
				F8213CE41C8436DA007F0818 /* 4@2x.png in Resources */,
				F8213CE31C8436DA007F0818 /* 3@2x.png in Resources */,
				F8213CE11C8436DA007F0818 /* 1@2x.png in Resources */,
				F8213CE01C8436DA007F0818 /* 0@2x.png in Resources */,
				F8213CE51C8436DA007F0818 /* 5@2x.png in Resources */,
				F8213CE21C8436DA007F0818 /* 2@2x.png in Resources */,
				F8213CC41C83DBF3007F0818 /* MainInterface.storyboard in Resources */,
			);
			runOnlyForDeploymentPostprocessing = 0;
		};
/* End PBXResourcesBuildPhase section */

/* Begin PBXSourcesBuildPhase section */
		F8213C5C1C83D695007F0818 /* Sources */ = {
			isa = PBXSourcesBuildPhase;
			buildActionMask = 2147483647;
			files = (
				F8213C6B1C83D695007F0818 /* ViewController.m in Sources */,
				F8213C681C83D695007F0818 /* AppDelegate.m in Sources */,
				F8213C651C83D695007F0818 /* main.m in Sources */,
			);
			runOnlyForDeploymentPostprocessing = 0;
		};
		F8213CB81C83DBF3007F0818 /* Sources */ = {
			isa = PBXSourcesBuildPhase;
			buildActionMask = 2147483647;
			files = (
				F8213CF21C845199007F0818 /* CUIButtonTitleImage.m in Sources */,
				F8213CC11C83DBF3007F0818 /* TodayViewController.m in Sources */,
			);
			runOnlyForDeploymentPostprocessing = 0;
		};
/* End PBXSourcesBuildPhase section */

/* Begin PBXTargetDependency section */
		F8213CC71C83DBF3007F0818 /* PBXTargetDependency */ = {
			isa = PBXTargetDependency;
			target = F8213CBB1C83DBF3007F0818 /* Whde */;
			targetProxy = F8213CC61C83DBF3007F0818 /* PBXContainerItemProxy */;
		};
/* End PBXTargetDependency section */

/* Begin PBXVariantGroup section */
		F8213C6C1C83D695007F0818 /* Main.storyboard */ = {
			isa = PBXVariantGroup;
			children = (
				F8213C6D1C83D695007F0818 /* Base */,
			);
			name = Main.storyboard;
			sourceTree = "<group>";
		};
		F8213C711C83D695007F0818 /* LaunchScreen.storyboard */ = {
			isa = PBXVariantGroup;
			children = (
				F8213C721C83D695007F0818 /* Base */,
			);
			name = LaunchScreen.storyboard;
			sourceTree = "<group>";
		};
		F8213CC21C83DBF3007F0818 /* MainInterface.storyboard */ = {
			isa = PBXVariantGroup;
			children = (
				F8213CC31C83DBF3007F0818 /* Base */,
			);
			name = MainInterface.storyboard;
			sourceTree = "<group>";
		};
/* End PBXVariantGroup section */

/* Begin XCBuildConfiguration section */
		F8213C751C83D695007F0818 /* Debug */ = {
			isa = XCBuildConfiguration;
			buildSettings = {
				ALWAYS_SEARCH_USER_PATHS = NO;
				CLANG_CXX_LANGUAGE_STANDARD = "gnu++0x";
				CLANG_CXX_LIBRARY = "libc++";
				CLANG_ENABLE_MODULES = YES;
				CLANG_ENABLE_OBJC_ARC = YES;
				CLANG_WARN_BOOL_CONVERSION = YES;
				CLANG_WARN_CONSTANT_CONVERSION = YES;
				CLANG_WARN_DIRECT_OBJC_ISA_USAGE = YES_ERROR;
				CLANG_WARN_EMPTY_BODY = YES;
				CLANG_WARN_ENUM_CONVERSION = YES;
				CLANG_WARN_INT_CONVERSION = YES;
				CLANG_WARN_OBJC_ROOT_CLASS = YES_ERROR;
				CLANG_WARN_UNREACHABLE_CODE = YES;
				CLANG_WARN__DUPLICATE_METHOD_MATCH = YES;
				CODE_SIGN_IDENTITY = "iPhone Developer: peng Wen (9858Z38UNN)";
				"CODE_SIGN_IDENTITY[sdk=iphoneos*]" = "iPhone Developer: peng Wen (9858Z38UNN)";
				COPY_PHASE_STRIP = NO;
				DEBUG_INFORMATION_FORMAT = dwarf;
				ENABLE_STRICT_OBJC_MSGSEND = YES;
				ENABLE_TESTABILITY = YES;
				GCC_C_LANGUAGE_STANDARD = gnu99;
				GCC_DYNAMIC_NO_PIC = NO;
				GCC_NO_COMMON_BLOCKS = YES;
				GCC_OPTIMIZATION_LEVEL = 0;
				GCC_PREPROCESSOR_DEFINITIONS = (
					"DEBUG=1",
					"$(inherited)",
				);
				GCC_WARN_64_TO_32_BIT_CONVERSION = YES;
				GCC_WARN_ABOUT_RETURN_TYPE = YES_ERROR;
				GCC_WARN_UNDECLARED_SELECTOR = YES;
				GCC_WARN_UNINITIALIZED_AUTOS = YES_AGGRESSIVE;
				GCC_WARN_UNUSED_FUNCTION = YES;
				GCC_WARN_UNUSED_VARIABLE = YES;
				IPHONEOS_DEPLOYMENT_TARGET = 9.2;
				MTL_ENABLE_DEBUG_INFO = YES;
				ONLY_ACTIVE_ARCH = YES;
				PROVISIONING_PROFILE = "c6247715-9bc0-4b2c-aa3b-72e1eafd9856";
				SDKROOT = iphoneos;
			};
			name = Debug;
		};
		F8213C761C83D695007F0818 /* Release */ = {
			isa = XCBuildConfiguration;
			buildSettings = {
				ALWAYS_SEARCH_USER_PATHS = NO;
				CLANG_CXX_LANGUAGE_STANDARD = "gnu++0x";
				CLANG_CXX_LIBRARY = "libc++";
				CLANG_ENABLE_MODULES = YES;
				CLANG_ENABLE_OBJC_ARC = YES;
				CLANG_WARN_BOOL_CONVERSION = YES;
				CLANG_WARN_CONSTANT_CONVERSION = YES;
				CLANG_WARN_DIRECT_OBJC_ISA_USAGE = YES_ERROR;
				CLANG_WARN_EMPTY_BODY = YES;
				CLANG_WARN_ENUM_CONVERSION = YES;
				CLANG_WARN_INT_CONVERSION = YES;
				CLANG_WARN_OBJC_ROOT_CLASS = YES_ERROR;
				CLANG_WARN_UNREACHABLE_CODE = YES;
				CLANG_WARN__DUPLICATE_METHOD_MATCH = YES;
				CODE_SIGN_IDENTITY = "iPhone Developer: peng Wen (9858Z38UNN)";
				"CODE_SIGN_IDENTITY[sdk=iphoneos*]" = "iPhone Developer: peng Wen (9858Z38UNN)";
				COPY_PHASE_STRIP = NO;
				DEBUG_INFORMATION_FORMAT = "dwarf-with-dsym";
				ENABLE_NS_ASSERTIONS = NO;
				ENABLE_STRICT_OBJC_MSGSEND = YES;
				GCC_C_LANGUAGE_STANDARD = gnu99;
				GCC_NO_COMMON_BLOCKS = YES;
				GCC_WARN_64_TO_32_BIT_CONVERSION = YES;
				GCC_WARN_ABOUT_RETURN_TYPE = YES_ERROR;
				GCC_WARN_UNDECLARED_SELECTOR = YES;
				GCC_WARN_UNINITIALIZED_AUTOS = YES_AGGRESSIVE;
				GCC_WARN_UNUSED_FUNCTION = YES;
				GCC_WARN_UNUSED_VARIABLE = YES;
				IPHONEOS_DEPLOYMENT_TARGET = 9.2;
				MTL_ENABLE_DEBUG_INFO = NO;
				PROVISIONING_PROFILE = "c6247715-9bc0-4b2c-aa3b-72e1eafd9856";
				SDKROOT = iphoneos;
				VALIDATE_PRODUCT = YES;
			};
			name = Release;
		};
		F8213C781C83D695007F0818 /* Debug */ = {
			isa = XCBuildConfiguration;
			buildSettings = {
				ASSETCATALOG_COMPILER_APPICON_NAME = AppIcon;
				CODE_SIGN_IDENTITY = "iPhone Developer: peng Wen (9858Z38UNN)";
				"CODE_SIGN_IDENTITY[sdk=iphoneos*]" = "iPhone Developer: peng Wen (9858Z38UNN)";
				INFOPLIST_FILE = Extension/Info.plist;
				IPHONEOS_DEPLOYMENT_TARGET = 8.0;
				LD_RUNPATH_SEARCH_PATHS = "$(inherited) @executable_path/Frameworks";
				PRODUCT_BUNDLE_IDENTIFIER = com.ziyoubang.Extension;
				PRODUCT_NAME = "$(TARGET_NAME)";
				PROVISIONING_PROFILE = "c6247715-9bc0-4b2c-aa3b-72e1eafd9856";
				TARGETED_DEVICE_FAMILY = "1,2";
			};
			name = Debug;
		};
		F8213C791C83D695007F0818 /* Release */ = {
			isa = XCBuildConfiguration;
			buildSettings = {
				ASSETCATALOG_COMPILER_APPICON_NAME = AppIcon;
				CODE_SIGN_IDENTITY = "iPhone Developer: peng Wen (9858Z38UNN)";
				"CODE_SIGN_IDENTITY[sdk=iphoneos*]" = "iPhone Developer: peng Wen (9858Z38UNN)";
				INFOPLIST_FILE = Extension/Info.plist;
				IPHONEOS_DEPLOYMENT_TARGET = 8.0;
				LD_RUNPATH_SEARCH_PATHS = "$(inherited) @executable_path/Frameworks";
				PRODUCT_BUNDLE_IDENTIFIER = com.ziyoubang.Extension;
				PRODUCT_NAME = "$(TARGET_NAME)";
				PROVISIONING_PROFILE = "c6247715-9bc0-4b2c-aa3b-72e1eafd9856";
				TARGETED_DEVICE_FAMILY = "1,2";
			};
			name = Release;
		};
		F8213CCA1C83DBF3007F0818 /* Debug */ = {
			isa = XCBuildConfiguration;
			buildSettings = {
				CODE_SIGN_IDENTITY = "iPhone Developer";
				"CODE_SIGN_IDENTITY[sdk=iphoneos*]" = "iPhone Developer: peng Wen (9858Z38UNN)";
				INFOPLIST_FILE = Whde/Info.plist;
				IPHONEOS_DEPLOYMENT_TARGET = 8.0;
				LD_RUNPATH_SEARCH_PATHS = "$(inherited) @executable_path/Frameworks @executable_path/../../Frameworks";
				PRODUCT_BUNDLE_IDENTIFIER = com.ziyoubang.Extension.Whde;
				PRODUCT_NAME = "$(TARGET_NAME)";
				PROVISIONING_PROFILE = "c6247715-9bc0-4b2c-aa3b-72e1eafd9856";
				SKIP_INSTALL = YES;
			};
			name = Debug;
		};
		F8213CCB1C83DBF3007F0818 /* Release */ = {
			isa = XCBuildConfiguration;
			buildSettings = {
				CODE_SIGN_IDENTITY = "iPhone Developer";
				"CODE_SIGN_IDENTITY[sdk=iphoneos*]" = "iPhone Developer: peng Wen (9858Z38UNN)";
				INFOPLIST_FILE = Whde/Info.plist;
				IPHONEOS_DEPLOYMENT_TARGET = 8.0;
				LD_RUNPATH_SEARCH_PATHS = "$(inherited) @executable_path/Frameworks @executable_path/../../Frameworks";
				PRODUCT_BUNDLE_IDENTIFIER = com.ziyoubang.Extension.Whde;
				PRODUCT_NAME = "$(TARGET_NAME)";
				PROVISIONING_PROFILE = "c6247715-9bc0-4b2c-aa3b-72e1eafd9856";
				SKIP_INSTALL = YES;
			};
			name = Release;
		};
/* End XCBuildConfiguration section */

/* Begin XCConfigurationList section */
		F8213C5B1C83D695007F0818 /* Build configuration list for PBXProject "Extension" */ = {
			isa = XCConfigurationList;
			buildConfigurations = (
				F8213C751C83D695007F0818 /* Debug */,
				F8213C761C83D695007F0818 /* Release */,
			);
			defaultConfigurationIsVisible = 0;
			defaultConfigurationName = Release;
		};
		F8213C771C83D695007F0818 /* Build configuration list for PBXNativeTarget "Extension" */ = {
			isa = XCConfigurationList;
			buildConfigurations = (
				F8213C781C83D695007F0818 /* Debug */,
				F8213C791C83D695007F0818 /* Release */,
			);
			defaultConfigurationIsVisible = 0;
			defaultConfigurationName = Release;
		};
		F8213CC91C83DBF3007F0818 /* Build configuration list for PBXNativeTarget "Whde" */ = {
			isa = XCConfigurationList;
			buildConfigurations = (
				F8213CCA1C83DBF3007F0818 /* Debug */,
				F8213CCB1C83DBF3007F0818 /* Release */,
			);
			defaultConfigurationIsVisible = 0;
			defaultConfigurationName = Release;
		};
/* End XCConfigurationList section */
	};
	rootObject = F8213C581C83D695007F0818 /* Project object */;
}
